github.com/go-gl/gl v0.0.0-20190320180904-bf2b1f2f34d7 h1:SCYMcCJ89LjRGwEa0tRluNRiMjZHalQZrVrvTbPh+qw=
github.com/go-gl/gl v0.0.0-20190320180904-bf2b1f2f34d7/go.mod h1:482civXOzJJCPzJ4ZOX/pwvXBWSnzD4OKMdH4ClKGbk=
github.com/go-gl/glfw v0.0.0-20191125211704-12ad95a8df72 h1:LgLYrxDRSVv3kStk6louYTP1ekZ6t7HZY/X05KUyaeM=
github.com/go-gl/glfw v0.0.0-20191125211704-12ad95a8df72/go.mod h1:vR7hzQXu2zJy9AVAgeJqvqgH9Q5CA+iKCZ2gyEVpxRU=
github.com/go-gl/mathgl v0.0.0-20190713194549-592312d8590a h1:yoAEv7yeWqfL/l9A/J5QOndXIJCldv+uuQB1DSNQbS0=
github.com/go-gl/mathgl v0.0.0-20190713194549-592312d8590a/go.mod h1:yhpkQzEiH9yPyxDUGzkmgScbaBVlhC06qodikEM0ZwQ=
github.com/gordonklaus/portaudio v0.0.0-20180817120803-00e7307ccd93 h1:TSG+DyZBnazM22ZHyHLeUkzM34ClkJRjIWHTq4btvek=
github.com/gordonklaus/portaudio v0.0.0-20180817120803-00e7307ccd93/go.mod h1:HfYnZi/ARQKG0dwH5HNDmPCHdLiFiBf+SI7DbhW7et4=
github.com/rakyll/portmidi v0.0.0-20170620004031-e434d7284291 h1:hl7rQwLldjB+FCyUuxSFCAx986GONIoRQwsMesdOknE=
github.com/rakyll/portmidi v0.0.0-20170620004031-e434d7284291/go.mod h1:tO1ylmFo6+hnYFvj/fd92q30wkNQwgWC/8mcHq0KkQU=
github.com/rakyll/portmidi v0.0.0-20191102002215-74e95e8bc9b1 h1:ayxM9WkC6QRX0QnfrbZa98pfFqrNq1jo+58rWL1qjZs=
github.com/rakyll/portmidi v0.0.0-20191102002215-74e95e8bc9b1/go.mod h1:xKffaBd7e1YUoLpR2azvJqkxEdUDNGNDMlsUNdv6Bcs=
github.com/tinogoehlert/go-sdl2 v0.4.0-rc.1 h1:g1HfctB7jd+DwSVThw1fCap9ZX7tlFqk67Y87w6K+50=
github.com/tinogoehlert/go-sdl2 v0.4.0-rc.1/go.mod h1:/NoEJsuCqyTT8Vrm7qjTf9h61bNXLrTmJOcgwrZpS7c=
github.com/ttacon/chalk v0.0.0-20160626202418-22c06c80ed31 h1:OXcKh35JaYsGMRzpvFkLv/MEyPuL49CThT1pZ8aSml4=
github.com/ttacon/chalk v0.0.0-20160626202418-22c06c80ed31/go.mod h1:onvgF043R+lC5RZ8IT9rBXDaEDnpnw/Cl+HFiw+v/7Q=
gitlab.com/gomidi/midi v1.10.0 h1:zh1vPE1oAPCs1vkFwGGS8iftsQzlChjMxhIQOj9ReSE=
gitlab.com/gomidi/midi v1.10.0/go.mod h1:Geyousi3Lg15GJRg0CnpxQMQIgDLapqJKq2Cbf7LJfs=
gitlab.com/gomidi/midi v1.13.3 h1:KTKqNSu6y6MGiEbNOqMDiWHDv+YtI66hLSltwNJMYtM=
gitlab.com/gomidi/midi v1.13.3/go.mod h1:3ohtNOhqoSakkuLG/Li1OI6I3J1c2LErnJF5o/VBq1c=
gitlab.com/gomidi/rtmididrv v0.4.2 h1:FZXFmbaG4WS80PFiLl7c7t/U6vX2YoUmT4Sc1aYzDhM=
gitlab.com/gomidi/rtmididrv v0.4.2/go.mod h1:VhFVcVgiHPm3a7alT/f3ipf8G1s9ehNsr/TmVYJ7b5w=
gitlab.com/gomidi/rtmididrv/imported/rtmidi v0.0.0-20191025100939-514fe0ed97a6 h1:0XqAH/BAxH5TTBzIWkdlZqpp6VUx6DFcQnMWW6G6hIc=
gitlab.com/gomidi/rtmididrv/imported/rtmidi v0.0.0-20191025100939-514fe0ed97a6/go.mod h1:FYVFN2H23IsX56VntiDF9DgCIekHh359wW+iMl1W8rQ=
gitlab.com/gomidi/rtmididrv/imported/rtmidi v0.0.0-20191025104230-1dd005ef57aa h1:mvvenn6dNEQTub/B2TpIcldY0KQEdVFThiwKYILL3PM=
gitlab.com/gomidi/rtmididrv/imported/rtmidi v0.0.0-20191025104230-1dd005ef57aa/go.mod h1:FYVFN2H23IsX56VntiDF9DgCIekHh359wW+iMl1W8rQ=
gitlab.com/ubunatic/portmididrv v0.3.1-0.20191104070601-795b76baf93c h1:RmXn5Flx7hOUbxsfJWzX9sA9mXeJPRb1QZpwQtnmfks=
gitlab.com/ubunatic/portmididrv v0.3.1-0.20191104070601-795b76baf93c/go.mod h1:amyiPFNBFD7rMt09j+au++95lC4AP7aAI7VZ/Yzq96s=
golang.org/x/image v0.0.0-20190321063152-3fc05d484e9f h1:FO4MZ3N56GnxbqxGKqh+YTzUWQ2sDwtFQEZgLOxh9Jc=
golang.org/x/image v0.0.0-20190321063152-3fc05d484e9f/go.mod h1:kZ7UVZpmo3dzQBMxlp+ypCbDeSB+sBbTgSJuh5dn5js=
golang.org/x/image v0.0.0-20191206065243-da761ea9ff43 h1:gQ6GUSD102fPgli+Yb4cR/cGaHF7tNBt+GYoRCpGC7s=
golang.org/x/image v0.0.0-20191206065243-da761ea9ff43/go.mod h1:FeLwcggjj3mMvU+oOTbSwawSJRM1uh48EjtB4UJZlP0=
golang.org/x/text v0.3.0/go.mod h1:NqM8EUOU14njkJ3fqMW+pc6Ldnwhi/IjpwHt7yyuwOQ=
gopkg.in/check.v1 v0.0.0-20161208181325-20d25e280405 h1:yhCVgyC4o1eVCa2tZl7eS0r+SDo693bJlVdllGtEeKM=
gopkg.in/check.v1 v0.0.0-20161208181325-20d25e280405/go.mod h1:Co6ibVJAznAaIkqp8huTwlJQCZ016jof/cbN4VW5Yz0=
gopkg.in/yaml.v2 v2.2.7 h1:VUgggvou5XRW9mHwD/yXxIYSMtY0zoKQf/v226p2nyo=
gopkg.in/yaml.v2 v2.2.7/go.mod h1:hI93XBmqTisBFMUTm0b8Fm+jr3Dg1NNxqwp+5A1VGuI=
